
Microsoft Visual Studio Solution File, Format Version 11.00
# Visual Studio 2010
Project("{FAE04EC0-301F-11D3-BF4B-00C04F79EFBC}") = "MyStore.Barang", "Barang\MyStore.Barang.csproj", "{2114C809-62BE-43E0-AF4C-A9D785DAE6DD}"
EndProject
Project("{FAE04EC0-301F-11D3-BF4B-00C04F79EFBC}") = "MyStore", "MyStore\MyStore.csproj", "{A79B0ED8-BD83-4F71-AA4C-C99A9C4AFA92}"
EndProject
Global
	GlobalSection(SolutionConfigurationPlatforms) = preSolution
		Debug|Any CPU = Debug|Any CPU
		Debug|Mixed Platforms = Debug|Mixed Platforms
		Debug|x86 = Debug|x86
		Release|Any CPU = Release|Any CPU
		Release|Mixed Platforms = Release|Mixed Platforms
		Release|x86 = Release|x86
	EndGlobalSection
	GlobalSection(ProjectConfigurationPlatforms) = postSolution
		{2114C809-62BE-43E0-AF4C-A9D785DAE6DD}.Debug|Any CPU.ActiveCfg = Debug|Any CPU
		{2114C809-62BE-43E0-AF4C-A9D785DAE6DD}.Debug|Any CPU.Build.0 = Debug|Any CPU
		{2114C809-62BE-43E0-AF4C-A9D785DAE6DD}.Debug|Mixed Platforms.ActiveCfg = Debug|Any CPU
		{2114C809-62BE-43E0-AF4C-A9D785DAE6DD}.Debug|Mixed Platforms.Build.0 = Debug|Any CPU
		{2114C809-62BE-43E0-AF4C-A9D785DAE6DD}.Debug|x86.ActiveCfg = Debug|Any CPU
		{2114C809-62BE-43E0-AF4C-A9D785DAE6DD}.Release|Any CPU.ActiveCfg = Release|Any CPU
		{2114C809-62BE-43E0-AF4C-A9D785DAE6DD}.Release|Any CPU.Build.0 = Release|Any CPU
		{2114C809-62BE-43E0-AF4C-A9D785DAE6DD}.Release|Mixed Platforms.ActiveCfg = Release|Any CPU
		{2114C809-62BE-43E0-AF4C-A9D785DAE6DD}.Release|Mixed Platforms.Build.0 = Release|Any CPU
		{2114C809-62BE-43E0-AF4C-A9D785DAE6DD}.Release|x86.ActiveCfg = Release|Any CPU
		{A79B0ED8-BD83-4F71-AA4C-C99A9C4AFA92}.Debug|Any CPU.ActiveCfg = Debug|x86
		{A79B0ED8-BD83-4F71-AA4C-C99A9C4AFA92}.Debug|Mixed Platforms.ActiveCfg = Debug|x86
		{A79B0ED8-BD83-4F71-AA4C-C99A9C4AFA92}.Debug|Mixed Platforms.Build.0 = Debug|x86
		{A79B0ED8-BD83-4F71-AA4C-C99A9C4AFA92}.Debug|x86.ActiveCfg = Debug|x86
		{A79B0ED8-BD83-4F71-AA4C-C99A9C4AFA92}.Debug|x86.Build.0 = Debug|x86
		{A79B0ED8-BD83-4F71-AA4C-C99A9C4AFA92}.Release|Any CPU.ActiveCfg = Release|x86
		{A79B0ED8-BD83-4F71-AA4C-C99A9C4AFA92}.Release|Mixed Platforms.ActiveCfg = Release|x86
		{A79B0ED8-BD83-4F71-AA4C-C99A9C4AFA92}.Release|Mixed Platforms.Build.0 = Release|x86
		{A79B0ED8-BD83-4F71-AA4C-C99A9C4AFA92}.Release|x86.ActiveCfg = Release|x86
		{A79B0ED8-BD83-4F71-AA4C-C99A9C4AFA92}.Release|x86.Build.0 = Release|x86
	EndGlobalSection
	GlobalSection(SolutionProperties) = preSolution
		HideSolutionNode = FALSE
	EndGlobalSection
EndGlobal
